# This file is automatically @generated by Cargo.
# It is not intended for manual editing.
version = 3

[[package]]
name = "fast_input"
version = "0.2.0"
source = "registry+https://github.com/rust-lang/crates.io-index"
checksum = "985094a4ab144f05cd392d1ee3c707f54c2258ea07e3f9980453ab6f17821907"

[[package]]
name = "temp_converter"
version = "0.1.0"
dependencies = [
 "fast_input",
]
